{
    "_meta": {
        "hash": {
            "sha256": "348f5dc9fa422c1764742fbab43c25f2339284680da0066d8158bf28836fa5cd"
        },
        "pipfile-spec": 6,
        "requires": {
            "python_version": "3.8"
        },
        "sources": [
            {
                "name": "pypi",
                "url": "https://pypi.org/simple",
                "verify_ssl": true
            }
        ]
    },
    "default": {
        "bitstring": {
            "hashes": [
                "sha256:0de167daa6a00c9386255a7cac931b45e6e24e0ad7ea64f1f92a64ac23ad4578",
                "sha256:a5848a3f63111785224dca8bb4c0a75b62ecdef56a042c8d6be74b16f7e860e7",
                "sha256:e3e340e58900a948787a05e8c08772f1ccbe133f6f41fe3f0fa19a18a22bbf4f"
            ],
            "index": "pypi",
            "version": "==3.1.9"
        },
        "prettytable": {
            "hashes": [
                "sha256:18e56447f636b447096977d468849c1e2d3cfa0af8e7b5acfcf83a64790c0aca",
                "sha256:2492f29e8686bdbcce815a568bff74cb71cbb704747c3abb9c9c6cfe25f985a2"
            ],
            "index": "pypi",
            "version": "==2.4.0"
        },
        "wcwidth": {
            "hashes": [
                "sha256:beb4802a9cebb9144e99086eff703a642a13d6a0052920003a230f3294bbe784",
                "sha256:c4d647b99872929fdb7bdcaa4fbe7f01413ed3d98077df798530e5b04f116c83"
            ],
            "version": "==0.2.5"
        }
    },
    "develop": {}
}
